// !$*UTF8*$!
{
	archiveVersion = 1;
	classes = {
	};
	objectVersion = 77;
	objects = {

/* Begin PBXBuildFile section */
		C103CEE02F5B157000BE9395 /* FirebaseAuth in Frameworks */ = {isa = PBXBuildFile; productRef = C103CEDF2F5B157000BE9395 /* FirebaseAuth */; };
		C103CEE22F5B157000BE9395 /* FirebaseFirestore in Frameworks */ = {isa = PBXBuildFile; productRef = C103CEE12F5B157000BE9395 /* FirebaseFirestore */; };
		C103CEE42F5B157000BE9395 /* FirebaseFunctions in Frameworks */ = {isa = PBXBuildFile; productRef = C103CEE32F5B157000BE9395 /* FirebaseFunctions */; };
		C103CEE62F5B157000BE9395 /* FirebaseMessaging in Frameworks */ = {isa = PBXBuildFile; productRef = C103CEE52F5B157000BE9395 /* FirebaseMessaging */; };
		C103CEE82F5B157100BE9395 /* FirebaseStorage in Frameworks */ = {isa = PBXBuildFile; productRef = C103CEE72F5B157100BE9395 /* FirebaseStorage */; };
		C1FCE3C52F8CF3330068749E /* WidgetKit.framework in Frameworks */ = {isa = PBXBuildFile; fileRef = C1FCE3C42F8CF3330068749E /* WidgetKit.framework */; };
		C1FCE3C72F8CF3330068749E /* SwiftUI.framework in Frameworks */ = {isa = PBXBuildFile; fileRef = C1FCE3C62F8CF3330068749E /* SwiftUI.framework */; };
		C1FCE3D62F8CF3360068749E /* MatchLiveActivityExtension.appex in Embed Foundation Extensions */ = {isa = PBXBuildFile; fileRef = C1FCE3C22F8CF3330068749E /* MatchLiveActivityExtension.appex */; settings = {ATTRIBUTES = (RemoveHeadersOnCopy, ); }; };
		D2A0BB0C00000000000000EC /* NotificaConStemma.appex in Embed Foundation Extensions */ = {isa = PBXBuildFile; fileRef = D2A0BB0100000000000000E1 /* NotificaConStemma.appex */; settings = {ATTRIBUTES = (RemoveHeadersOnCopy, ); }; };
		D1B0AA402F7A100000C0D001 /* GoogleSignIn in Frameworks */ = {isa = PBXBuildFile; productRef = D1B0AA422F7A100000C0D001 /* GoogleSignIn */; };
		D1B0AA412F7A100000C0D001 /* GoogleSignInSwift in Frameworks */ = {isa = PBXBuildFile; productRef = D1B0AA432F7A100000C0D001 /* GoogleSignInSwift */; };
/* End PBXBuildFile section */

/* Begin PBXContainerItemProxy section */
		C1FCE3D42F8CF3360068749E /* PBXContainerItemProxy */ = {
			isa = PBXContainerItemProxy;
			containerPortal = C103CEC82F5B14FE00BE9395 /* Project object */;
			proxyType = 1;
			remoteGlobalIDString = C1FCE3C12F8CF3330068749E;
			remoteInfo = MatchLiveActivityExtension;
		};
		D2A0BB0A00000000000000EA /* PBXContainerItemProxy */ = {
			isa = PBXContainerItemProxy;
			containerPortal = C103CEC82F5B14FE00BE9395 /* Project object */;
			proxyType = 1;
			remoteGlobalIDString = D2A0BB0600000000000000E6;
			remoteInfo = NotificaConStemma;
		};
/* End PBXContainerItemProxy section */

/* Begin PBXCopyFilesBuildPhase section */
		C1FCE3D72F8CF3360068749E /* Embed Foundation Extensions */ = {
			isa = PBXCopyFilesBuildPhase;
			buildActionMask = 2147483647;
			dstPath = "";
			dstSubfolderSpec = 13;
			files = (
				C1FCE3D62F8CF3360068749E /* MatchLiveActivityExtension.appex in Embed Foundation Extensions */,
				D2A0BB0C00000000000000EC /* NotificaConStemma.appex in Embed Foundation Extensions */,
			);
			name = "Embed Foundation Extensions";
			runOnlyForDeploymentPostprocessing = 0;
		};
/* End PBXCopyFilesBuildPhase section */

/* Begin PBXFileReference section */
		C103CED02F5B14FE00BE9395 /* Torneo Multipalo.app */ = {isa = PBXFileReference; explicitFileType = wrapper.application; includeInIndex = 0; path = "Torneo Multipalo.app"; sourceTree = BUILT_PRODUCTS_DIR; };
		D2A0BB0100000000000000E1 /* NotificaConStemma.appex */ = {isa = PBXFileReference; explicitFileType = "wrapper.app-extension"; includeInIndex = 0; path = NotificaConStemma.appex; sourceTree = BUILT_PRODUCTS_DIR; };
		C1FCE3C22F8CF3330068749E /* MatchLiveActivityExtension.appex */ = {isa = PBXFileReference; explicitFileType = "wrapper.app-extension"; includeInIndex = 0; path = MatchLiveActivityExtension.appex; sourceTree = BUILT_PRODUCTS_DIR; };
		C1FCE3C42F8CF3330068749E /* WidgetKit.framework */ = {isa = PBXFileReference; lastKnownFileType = wrapper.framework; name = WidgetKit.framework; path = System/Library/Frameworks/WidgetKit.framework; sourceTree = SDKROOT; };
		C1FCE3C62F8CF3330068749E /* SwiftUI.framework */ = {isa = PBXFileReference; lastKnownFileType = wrapper.framework; name = SwiftUI.framework; path = System/Library/Frameworks/SwiftUI.framework; sourceTree = SDKROOT; };
		C1FCE7AA2F8D11AE0068749E /* MatchLiveActivityExtension.entitlements */ = {isa = PBXFileReference; lastKnownFileType = text.plist.entitlements; path = MatchLiveActivityExtension.entitlements; sourceTree = "<group>"; };
/* End PBXFileReference section */

/* Begin PBXFileSystemSynchronizedBuildFileExceptionSet section */
		C1FCE3DA2F8CF3360068749E /* Exceptions for "MatchLiveActivity" folder in "MatchLiveActivityExtension" target */ = {
			isa = PBXFileSystemSynchronizedBuildFileExceptionSet;
			membershipExceptions = (
				Info.plist,
			);
			target = C1FCE3C12F8CF3330068749E /* MatchLiveActivityExtension */;
		};
/* End PBXFileSystemSynchronizedBuildFileExceptionSet section */

/* Begin PBXFileSystemSynchronizedRootGroup section */
		C103CED22F5B14FE00BE9395 /* Torneo Multipalo */ = {
			isa = PBXFileSystemSynchronizedRootGroup;
			path = "Torneo Multipalo";
			sourceTree = "<group>";
		};
		D2A0BB0200000000000000E2 /* NotificaConStemma */ = {
			isa = PBXFileSystemSynchronizedRootGroup;
			path = NotificaConStemma;
			sourceTree = "<group>";
		};
		C1FCE3C82F8CF3330068749E /* MatchLiveActivity */ = {
			isa = PBXFileSystemSynchronizedRootGroup;
			exceptions = (
				C1FCE3DA2F8CF3360068749E /* Exceptions for "MatchLiveActivity" folder in "MatchLiveActivityExtension" target */,
			);
			path = MatchLiveActivity;
			sourceTree = "<group>";
		};
/* End PBXFileSystemSynchronizedRootGroup section */

/* Begin PBXFrameworksBuildPhase section */
		C103CECD2F5B14FE00BE9395 /* Frameworks */ = {
			isa = PBXFrameworksBuildPhase;
			buildActionMask = 2147483647;
			files = (
				C103CEE62F5B157000BE9395 /* FirebaseMessaging in Frameworks */,
				C103CEE42F5B157000BE9395 /* FirebaseFunctions in Frameworks */,
				C103CEE02F5B157000BE9395 /* FirebaseAuth in Frameworks */,
				C103CEE82F5B157100BE9395 /* FirebaseStorage in Frameworks */,
				C103CEE22F5B157000BE9395 /* FirebaseFirestore in Frameworks */,
				D1B0AA402F7A100000C0D001 /* GoogleSignIn in Frameworks */,
				D1B0AA412F7A100000C0D001 /* GoogleSignInSwift in Frameworks */,
			);
			runOnlyForDeploymentPostprocessing = 0;
		};
		C1FCE3BF2F8CF3330068749E /* Frameworks */ = {
			isa = PBXFrameworksBuildPhase;
			buildActionMask = 2147483647;
			files = (
				C1FCE3C72F8CF3330068749E /* SwiftUI.framework in Frameworks */,
				C1FCE3C52F8CF3330068749E /* WidgetKit.framework in Frameworks */,
			);
			runOnlyForDeploymentPostprocessing = 0;
		};
		D2A0BB0400000000000000E4 /* Frameworks */ = {
			isa = PBXFrameworksBuildPhase;
			buildActionMask = 2147483647;
			files = (
			);
			runOnlyForDeploymentPostprocessing = 0;
		};
/* End PBXFrameworksBuildPhase section */

/* Begin PBXGroup section */
		C103CEC72F5B14FE00BE9395 = {
			isa = PBXGroup;
			children = (
				C1FCE7AA2F8D11AE0068749E /* MatchLiveActivityExtension.entitlements */,
				C103CED22F5B14FE00BE9395 /* Torneo Multipalo */,
				C1FCE3C82F8CF3330068749E /* MatchLiveActivity */,
				D2A0BB0200000000000000E2 /* NotificaConStemma */,
				C1FCE3C32F8CF3330068749E /* Frameworks */,
				C103CED12F5B14FE00BE9395 /* Products */,
			);
			sourceTree = "<group>";
		};
		C103CED12F5B14FE00BE9395 /* Products */ = {
			isa = PBXGroup;
			children = (
				C103CED02F5B14FE00BE9395 /* Torneo Multipalo.app */,
				C1FCE3C22F8CF3330068749E /* MatchLiveActivityExtension.appex */,
				D2A0BB0100000000000000E1 /* NotificaConStemma.appex */,
			);
			name = Products;
			sourceTree = "<group>";
		};
		C1FCE3C32F8CF3330068749E /* Frameworks */ = {
			isa = PBXGroup;
			children = (
				C1FCE3C42F8CF3330068749E /* WidgetKit.framework */,
				C1FCE3C62F8CF3330068749E /* SwiftUI.framework */,
			);
			name = Frameworks;
			sourceTree = "<group>";
		};
/* End PBXGroup section */

/* Begin PBXNativeTarget section */
		C103CECF2F5B14FE00BE9395 /* Torneo Multipalo */ = {
			isa = PBXNativeTarget;
			buildConfigurationList = C103CEDB2F5B14FF00BE9395 /* Build configuration list for PBXNativeTarget "Torneo Multipalo" */;
			buildPhases = (
				C103CECC2F5B14FE00BE9395 /* Sources */,
				C103CECD2F5B14FE00BE9395 /* Frameworks */,
				C103CECE2F5B14FE00BE9395 /* Resources */,
				C1FCE3D72F8CF3360068749E /* Embed Foundation Extensions */,
				D1F4B2C14C6E4D23A1B9C801 /* Strip Extended Attributes */,
			);
			buildRules = (
			);
			dependencies = (
				C1FCE3D52F8CF3360068749E /* PBXTargetDependency */,
				D2A0BB0B00000000000000EB /* PBXTargetDependency */,
			);
			fileSystemSynchronizedGroups = (
				C103CED22F5B14FE00BE9395 /* Torneo Multipalo */,
			);
			name = "Torneo Multipalo";
			packageProductDependencies = (
				C103CEDF2F5B157000BE9395 /* FirebaseAuth */,
				C103CEE12F5B157000BE9395 /* FirebaseFirestore */,
				C103CEE32F5B157000BE9395 /* FirebaseFunctions */,
				C103CEE52F5B157000BE9395 /* FirebaseMessaging */,
				C103CEE72F5B157100BE9395 /* FirebaseStorage */,
				D1B0AA422F7A100000C0D001 /* GoogleSignIn */,
				D1B0AA432F7A100000C0D001 /* GoogleSignInSwift */,
			);
			productName = "Torneo Multipalo";
			productReference = C103CED02F5B14FE00BE9395 /* Torneo Multipalo.app */;
			productType = "com.apple.product-type.application";
		};
		C1FCE3C12F8CF3330068749E /* MatchLiveActivityExtension */ = {
			isa = PBXNativeTarget;
			buildConfigurationList = C1FCE3DB2F8CF3360068749E /* Build configuration list for PBXNativeTarget "MatchLiveActivityExtension" */;
			buildPhases = (
				C1FCE3BE2F8CF3330068749E /* Sources */,
				C1FCE3BF2F8CF3330068749E /* Frameworks */,
				C1FCE3C02F8CF3330068749E /* Resources */,
			);
			buildRules = (
			);
			dependencies = (
			);
			fileSystemSynchronizedGroups = (
				C1FCE3C82F8CF3330068749E /* MatchLiveActivity */,
			);
			name = MatchLiveActivityExtension;
			packageProductDependencies = (
			);
			productName = MatchLiveActivityExtension;
			productReference = C1FCE3C22F8CF3330068749E /* MatchLiveActivityExtension.appex */;
			productType = "com.apple.product-type.app-extension";
		};
		D2A0BB0600000000000000E6 /* NotificaConStemma */ = {
			isa = PBXNativeTarget;
			buildConfigurationList = D2A0BB0700000000000000E7 /* Build configuration list for PBXNativeTarget "NotificaConStemma" */;
			buildPhases = (
				D2A0BB0300000000000000E3 /* Sources */,
				D2A0BB0400000000000000E4 /* Frameworks */,
				D2A0BB0500000000000000E5 /* Resources */,
			);
			buildRules = (
			);
			dependencies = (
			);
			fileSystemSynchronizedGroups = (
				D2A0BB0200000000000000E2 /* NotificaConStemma */,
			);
			name = NotificaConStemma;
			packageProductDependencies = (
			);
			productName = NotificaConStemma;
			productReference = D2A0BB0100000000000000E1 /* NotificaConStemma.appex */;
			productType = "com.apple.product-type.app-extension";
		};
/* End PBXNativeTarget section */

/* Begin PBXProject section */
		C103CEC82F5B14FE00BE9395 /* Project object */ = {
			isa = PBXProject;
			attributes = {
				BuildIndependentTargetsInParallel = 1;
				LastSwiftUpdateCheck = 2640;
				LastUpgradeCheck = 2630;
				TargetAttributes = {
					C103CECF2F5B14FE00BE9395 = {
						CreatedOnToolsVersion = 26.3;
					};
					C1FCE3C12F8CF3330068749E = {
						CreatedOnToolsVersion = 26.4;
					};
				};
			};
			buildConfigurationList = C103CECB2F5B14FE00BE9395 /* Build configuration list for PBXProject "Torneo Multipalo" */;
			developmentRegion = en;
			hasScannedForEncodings = 0;
			knownRegions = (
				en,
				Base,
			);
			mainGroup = C103CEC72F5B14FE00BE9395;
			minimizedProjectReferenceProxies = 1;
			packageReferences = (
				C103CEDE2F5B157000BE9395 /* XCRemoteSwiftPackageReference "firebase-ios-sdk" */,
				D1B0AA442F7A100000C0D001 /* XCRemoteSwiftPackageReference "GoogleSignIn-iOS" */,
			);
			preferredProjectObjectVersion = 77;
			productRefGroup = C103CED12F5B14FE00BE9395 /* Products */;
			projectDirPath = "";
			projectRoot = "";
			targets = (
				C103CECF2F5B14FE00BE9395 /* Torneo Multipalo */,
				C1FCE3C12F8CF3330068749E /* MatchLiveActivityExtension */,
				D2A0BB0600000000000000E6 /* NotificaConStemma */,
			);
		};
/* End PBXProject section */

/* Begin PBXResourcesBuildPhase section */
		C103CECE2F5B14FE00BE9395 /* Resources */ = {
			isa = PBXResourcesBuildPhase;
			buildActionMask = 2147483647;
			files = (
			);
			runOnlyForDeploymentPostprocessing = 0;
		};
		C1FCE3C02F8CF3330068749E /* Resources */ = {
			isa = PBXResourcesBuildPhase;
			buildActionMask = 2147483647;
			files = (
			);
			runOnlyForDeploymentPostprocessing = 0;
		};
		D2A0BB0500000000000000E5 /* Resources */ = {
			isa = PBXResourcesBuildPhase;
			buildActionMask = 2147483647;
			files = (
			);
			runOnlyForDeploymentPostprocessing = 0;
		};
/* End PBXResourcesBuildPhase section */

/* Begin PBXShellScriptBuildPhase section */
		D1F4B2C14C6E4D23A1B9C801 /* Strip Extended Attributes */ = {
			isa = PBXShellScriptBuildPhase;
			alwaysOutOfDate = 1;
			buildActionMask = 2147483647;
			files = (
			);
			inputFileListPaths = (
			);
			inputPaths = (
			);
			name = "Strip Extended Attributes";
			outputFileListPaths = (
			);
			outputPaths = (
			);
			runOnlyForDeploymentPostprocessing = 0;
			shellPath = /bin/sh;
			shellScript = "if [ -n \"$CODESIGNING_FOLDER_PATH\" ] && [ -e \"$CODESIGNING_FOLDER_PATH\" ]; then\n  /usr/bin/find \"$CODESIGNING_FOLDER_PATH\" -name .DS_Store -delete || true\n  /usr/bin/find \"$CODESIGNING_FOLDER_PATH\" -exec /usr/bin/xattr -d com.apple.FinderInfo {} \\; 2>/dev/null || true\n  /usr/bin/find \"$CODESIGNING_FOLDER_PATH\" -exec /usr/bin/xattr -d com.apple.ResourceFork {} \\; 2>/dev/null || true\n  /usr/bin/find \"$CODESIGNING_FOLDER_PATH\" -exec /usr/bin/xattr -d com.apple.quarantine {} \\; 2>/dev/null || true\n  /usr/bin/find \"$CODESIGNING_FOLDER_PATH\" -exec /usr/bin/xattr -d com.apple.fileprovider.dir#N {} \\; 2>/dev/null || true\n  /usr/bin/xattr -cr \"$CODESIGNING_FOLDER_PATH\" 2>/dev/null || true\nfi\n";
		};
/* End PBXShellScriptBuildPhase section */

/* Begin PBXSourcesBuildPhase section */
		C103CECC2F5B14FE00BE9395 /* Sources */ = {
			isa = PBXSourcesBuildPhase;
			buildActionMask = 2147483647;
			files = (
			);
			runOnlyForDeploymentPostprocessing = 0;
		};
		C1FCE3BE2F8CF3330068749E /* Sources */ = {
			isa = PBXSourcesBuildPhase;
			buildActionMask = 2147483647;
			files = (
			);
			runOnlyForDeploymentPostprocessing = 0;
		};
		D2A0BB0300000000000000E3 /* Sources */ = {
			isa = PBXSourcesBuildPhase;
			buildActionMask = 2147483647;
			files = (
			);
			runOnlyForDeploymentPostprocessing = 0;
		};
/* End PBXSourcesBuildPhase section */

/* Begin PBXTargetDependency section */
		C1FCE3D52F8CF3360068749E /* PBXTargetDependency */ = {
			isa = PBXTargetDependency;
			target = C1FCE3C12F8CF3330068749E /* MatchLiveActivityExtension */;
			targetProxy = C1FCE3D42F8CF3360068749E /* PBXContainerItemProxy */;
		};
		D2A0BB0B00000000000000EB /* PBXTargetDependency */ = {
			isa = PBXTargetDependency;
			target = D2A0BB0600000000000000E6 /* NotificaConStemma */;
			targetProxy = D2A0BB0A00000000000000EA /* PBXContainerItemProxy */;
		};
/* End PBXTargetDependency section */

/* Begin XCBuildConfiguration section */
		C103CED92F5B14FF00BE9395 /* Debug */ = {
			isa = XCBuildConfiguration;
			buildSettings = {
				ALWAYS_SEARCH_USER_PATHS = NO;
				CLANG_ENABLE_EXPLICIT_MODULES = NO;
				SWIFT_ENABLE_EXPLICIT_MODULES = NO;
				ASSETCATALOG_COMPILER_GENERATE_SWIFT_ASSET_SYMBOL_EXTENSIONS = YES;
				CLANG_ANALYZER_NONNULL = YES;
				CLANG_ANALYZER_NUMBER_OBJECT_CONVERSION = YES_AGGRESSIVE;
				CLANG_CXX_LANGUAGE_STANDARD = "gnu++20";
				CLANG_ENABLE_MODULES = YES;
				CLANG_ENABLE_OBJC_ARC = YES;
				CLANG_ENABLE_OBJC_WEAK = YES;
				CLANG_WARN_BLOCK_CAPTURE_AUTORELEASING = YES;
				CLANG_WARN_BOOL_CONVERSION = YES;
				CLANG_WARN_COMMA = YES;
				CLANG_WARN_CONSTANT_CONVERSION = YES;
				CLANG_WARN_DEPRECATED_OBJC_IMPLEMENTATIONS = YES;
				CLANG_WARN_DIRECT_OBJC_ISA_USAGE = YES_ERROR;
				CLANG_WARN_DOCUMENTATION_COMMENTS = YES;
				CLANG_WARN_EMPTY_BODY = YES;
				CLANG_WARN_ENUM_CONVERSION = YES;
				CLANG_WARN_INFINITE_RECURSION = YES;
				CLANG_WARN_INT_CONVERSION = YES;
				CLANG_WARN_NON_LITERAL_NULL_CONVERSION = YES;
				CLANG_WARN_OBJC_IMPLICIT_RETAIN_SELF = YES;
				CLANG_WARN_OBJC_LITERAL_CONVERSION = YES;
				CLANG_WARN_OBJC_ROOT_CLASS = YES_ERROR;
				CLANG_WARN_QUOTED_INCLUDE_IN_FRAMEWORK_HEADER = YES;
				CLANG_WARN_RANGE_LOOP_ANALYSIS = YES;
				CLANG_WARN_STRICT_PROTOTYPES = YES;
				CLANG_WARN_SUSPICIOUS_MOVE = YES;
				CLANG_WARN_UNGUARDED_AVAILABILITY = YES_AGGRESSIVE;
				CLANG_WARN_UNREACHABLE_CODE = YES;
				CLANG_WARN__DUPLICATE_METHOD_MATCH = YES;
				COPY_PHASE_STRIP = NO;
				DEBUG_INFORMATION_FORMAT = dwarf;
				DEVELOPMENT_TEAM = 787YK9YUB3;
				ENABLE_STRICT_OBJC_MSGSEND = YES;
				ENABLE_TESTABILITY = YES;
				ENABLE_USER_SCRIPT_SANDBOXING = YES;
				GCC_C_LANGUAGE_STANDARD = gnu17;
				GCC_DYNAMIC_NO_PIC = NO;
				GCC_NO_COMMON_BLOCKS = YES;
				GCC_OPTIMIZATION_LEVEL = 0;
				GCC_PREPROCESSOR_DEFINITIONS = (
					"DEBUG=1",
					"$(inherited)",
				);
				GCC_WARN_64_TO_32_BIT_CONVERSION = YES;
				GCC_WARN_ABOUT_RETURN_TYPE = YES_ERROR;
				GCC_WARN_UNDECLARED_SELECTOR = YES;
				GCC_WARN_UNINITIALIZED_AUTOS = YES_AGGRESSIVE;
				GCC_WARN_UNUSED_FUNCTION = YES;
				GCC_WARN_UNUSED_VARIABLE = YES;
				LOCALIZATION_PREFERS_STRING_CATALOGS = YES;
				MTL_ENABLE_DEBUG_INFO = INCLUDE_SOURCE;
				MTL_FAST_MATH = YES;
				ONLY_ACTIVE_ARCH = YES;
				SWIFT_ACTIVE_COMPILATION_CONDITIONS = "DEBUG $(inherited)";
				SWIFT_OPTIMIZATION_LEVEL = "-Onone";
			};
			name = Debug;
		};
		C103CEDA2F5B14FF00BE9395 /* Release */ = {
			isa = XCBuildConfiguration;
			buildSettings = {
				ALWAYS_SEARCH_USER_PATHS = NO;
				CLANG_ENABLE_EXPLICIT_MODULES = NO;
				SWIFT_ENABLE_EXPLICIT_MODULES = NO;
				ASSETCATALOG_COMPILER_GENERATE_SWIFT_ASSET_SYMBOL_EXTENSIONS = YES;
				CLANG_ANALYZER_NONNULL = YES;
				CLANG_ANALYZER_NUMBER_OBJECT_CONVERSION = YES_AGGRESSIVE;
				CLANG_CXX_LANGUAGE_STANDARD = "gnu++20";
				CLANG_ENABLE_MODULES = YES;
				CLANG_ENABLE_OBJC_ARC = YES;
				CLANG_ENABLE_OBJC_WEAK = YES;
				CLANG_WARN_BLOCK_CAPTURE_AUTORELEASING = YES;
				CLANG_WARN_BOOL_CONVERSION = YES;
				CLANG_WARN_COMMA = YES;
				CLANG_WARN_CONSTANT_CONVERSION = YES;
				CLANG_WARN_DEPRECATED_OBJC_IMPLEMENTATIONS = YES;
				CLANG_WARN_DIRECT_OBJC_ISA_USAGE = YES_ERROR;
				CLANG_WARN_DOCUMENTATION_COMMENTS = YES;
				CLANG_WARN_EMPTY_BODY = YES;
				CLANG_WARN_ENUM_CONVERSION = YES;
				CLANG_WARN_INFINITE_RECURSION = YES;
				CLANG_WARN_INT_CONVERSION = YES;
				CLANG_WARN_NON_LITERAL_NULL_CONVERSION = YES;
				CLANG_WARN_OBJC_IMPLICIT_RETAIN_SELF = YES;
				CLANG_WARN_OBJC_LITERAL_CONVERSION = YES;
				CLANG_WARN_OBJC_ROOT_CLASS = YES_ERROR;
				CLANG_WARN_QUOTED_INCLUDE_IN_FRAMEWORK_HEADER = YES;
				CLANG_WARN_RANGE_LOOP_ANALYSIS = YES;
				CLANG_WARN_STRICT_PROTOTYPES = YES;
				CLANG_WARN_SUSPICIOUS_MOVE = YES;
				CLANG_WARN_UNGUARDED_AVAILABILITY = YES_AGGRESSIVE;
				CLANG_WARN_UNREACHABLE_CODE = YES;
				CLANG_WARN__DUPLICATE_METHOD_MATCH = YES;
				COPY_PHASE_STRIP = NO;
				DEBUG_INFORMATION_FORMAT = "dwarf-with-dsym";
				DEVELOPMENT_TEAM = 787YK9YUB3;
				ENABLE_NS_ASSERTIONS = NO;
				ENABLE_STRICT_OBJC_MSGSEND = YES;
				ENABLE_USER_SCRIPT_SANDBOXING = YES;
				GCC_C_LANGUAGE_STANDARD = gnu17;
				GCC_NO_COMMON_BLOCKS = YES;
				GCC_WARN_64_TO_32_BIT_CONVERSION = YES;
				GCC_WARN_ABOUT_RETURN_TYPE = YES_ERROR;
				GCC_WARN_UNDECLARED_SELECTOR = YES;
				GCC_WARN_UNINITIALIZED_AUTOS = YES_AGGRESSIVE;
				GCC_WARN_UNUSED_FUNCTION = YES;
				GCC_WARN_UNUSED_VARIABLE = YES;
				LOCALIZATION_PREFERS_STRING_CATALOGS = YES;
				MTL_ENABLE_DEBUG_INFO = NO;
				MTL_FAST_MATH = YES;
				SWIFT_COMPILATION_MODE = wholemodule;
			};
			name = Release;
		};
		C103CEDC2F5B14FF00BE9395 /* Debug */ = {
			isa = XCBuildConfiguration;
			buildSettings = {
				ASSETCATALOG_COMPILER_APPICON_NAME = AppIcon;
				ASSETCATALOG_COMPILER_GLOBAL_ACCENT_COLOR_NAME = AccentColor;
				CODE_SIGN_ENTITLEMENTS = "Torneo Multipalo/Torneo Multipalo Debug.entitlements";
				CODE_SIGN_STYLE = Automatic;
				CURRENT_PROJECT_VERSION = 96;
				DEVELOPMENT_TEAM = 787YK9YUB3;
				ENABLE_APP_SANDBOX = YES;
				ENABLE_HARDENED_RUNTIME = YES;
				ENABLE_PREVIEWS = YES;
				ENABLE_USER_SELECTED_FILES = readonly;
				GENERATE_INFOPLIST_FILE = YES;
				INFOPLIST_FILE = "Torneo-Multipalo-Info.plist";
				INFOPLIST_KEY_CFBundleDisplayName = "OneDay Cup";
				INFOPLIST_KEY_LSApplicationCategoryType = "public.app-category.sports";
				"INFOPLIST_KEY_UIApplicationSceneManifest_Generation[sdk=iphoneos*]" = YES;
				"INFOPLIST_KEY_UIApplicationSceneManifest_Generation[sdk=iphonesimulator*]" = YES;
				"INFOPLIST_KEY_UIApplicationSupportsIndirectInputEvents[sdk=iphoneos*]" = YES;
				"INFOPLIST_KEY_UIApplicationSupportsIndirectInputEvents[sdk=iphonesimulator*]" = YES;
				"INFOPLIST_KEY_UILaunchScreen_Generation[sdk=iphoneos*]" = YES;
				"INFOPLIST_KEY_UILaunchScreen_Generation[sdk=iphonesimulator*]" = YES;
				"INFOPLIST_KEY_UIStatusBarStyle[sdk=iphoneos*]" = UIStatusBarStyleDefault;
				"INFOPLIST_KEY_UIStatusBarStyle[sdk=iphonesimulator*]" = UIStatusBarStyleDefault;
				INFOPLIST_KEY_UISupportedInterfaceOrientations_iPhone = "UIInterfaceOrientationPortrait UIInterfaceOrientationLandscapeLeft UIInterfaceOrientationLandscapeRight";
				IPHONEOS_DEPLOYMENT_TARGET = 17.0;
				LD_RUNPATH_SEARCH_PATHS = "@executable_path/Frameworks";
				"LD_RUNPATH_SEARCH_PATHS[sdk=macosx*]" = "@executable_path/../Frameworks";
				MARKETING_VERSION = 2.1.3;
				PRODUCT_BUNDLE_IDENTIFIER = "paolo.Torneo-Multipalo";
				PRODUCT_NAME = "$(TARGET_NAME)";
				REGISTER_APP_GROUPS = YES;
				SDKROOT = auto;
				STRING_CATALOG_GENERATE_SYMBOLS = YES;
				SUPPORTED_PLATFORMS = "iphoneos iphonesimulator";
				SWIFT_APPROACHABLE_CONCURRENCY = YES;
				SWIFT_DEFAULT_ACTOR_ISOLATION = MainActor;
				SWIFT_EMIT_LOC_STRINGS = YES;
				SWIFT_UPCOMING_FEATURE_MEMBER_IMPORT_VISIBILITY = YES;
				SWIFT_VERSION = 5.0;
				TARGETED_DEVICE_FAMILY = 1;
				TM_ALLOW_RISKY_PRODUCTION_DEBUG_ACTIONS = YES;
				TM_FIREBASE_CONFIG_RESOURCE_NAME = "GoogleService-Info";
			};
			name = Debug;
		};
		C103CEDD2F5B14FF00BE9395 /* Release */ = {
			isa = XCBuildConfiguration;
			buildSettings = {
				ASSETCATALOG_COMPILER_APPICON_NAME = AppIcon;
				ASSETCATALOG_COMPILER_GLOBAL_ACCENT_COLOR_NAME = AccentColor;
				CODE_SIGN_ENTITLEMENTS = "Torneo Multipalo/Torneo Multipalo.entitlements";
				CODE_SIGN_STYLE = Automatic;
				CURRENT_PROJECT_VERSION = 96;
				DEVELOPMENT_TEAM = 787YK9YUB3;
				ENABLE_APP_SANDBOX = YES;
				ENABLE_HARDENED_RUNTIME = YES;
				ENABLE_PREVIEWS = YES;
				ENABLE_USER_SELECTED_FILES = readonly;
				GENERATE_INFOPLIST_FILE = YES;
				INFOPLIST_FILE = "Torneo-Multipalo-Info.plist";
				INFOPLIST_KEY_CFBundleDisplayName = "OneDay Cup";
				INFOPLIST_KEY_LSApplicationCategoryType = "public.app-category.sports";
				"INFOPLIST_KEY_UIApplicationSceneManifest_Generation[sdk=iphoneos*]" = YES;
				"INFOPLIST_KEY_UIApplicationSceneManifest_Generation[sdk=iphonesimulator*]" = YES;
				"INFOPLIST_KEY_UIApplicationSupportsIndirectInputEvents[sdk=iphoneos*]" = YES;
				"INFOPLIST_KEY_UIApplicationSupportsIndirectInputEvents[sdk=iphonesimulator*]" = YES;
				"INFOPLIST_KEY_UILaunchScreen_Generation[sdk=iphoneos*]" = YES;
				"INFOPLIST_KEY_UILaunchScreen_Generation[sdk=iphonesimulator*]" = YES;
				"INFOPLIST_KEY_UIStatusBarStyle[sdk=iphoneos*]" = UIStatusBarStyleDefault;
				"INFOPLIST_KEY_UIStatusBarStyle[sdk=iphonesimulator*]" = UIStatusBarStyleDefault;
				INFOPLIST_KEY_UISupportedInterfaceOrientations_iPhone = "UIInterfaceOrientationPortrait UIInterfaceOrientationLandscapeLeft UIInterfaceOrientationLandscapeRight";
				IPHONEOS_DEPLOYMENT_TARGET = 17.0;
				LD_RUNPATH_SEARCH_PATHS = "@executable_path/Frameworks";
				"LD_RUNPATH_SEARCH_PATHS[sdk=macosx*]" = "@executable_path/../Frameworks";
				MARKETING_VERSION = 2.1.3;
				PRODUCT_BUNDLE_IDENTIFIER = "paolo.Torneo-Multipalo";
				PRODUCT_NAME = "$(TARGET_NAME)";
				REGISTER_APP_GROUPS = YES;
				SDKROOT = auto;
				STRING_CATALOG_GENERATE_SYMBOLS = YES;
				SUPPORTED_PLATFORMS = "iphoneos iphonesimulator";
				SWIFT_APPROACHABLE_CONCURRENCY = YES;
				SWIFT_DEFAULT_ACTOR_ISOLATION = MainActor;
				SWIFT_EMIT_LOC_STRINGS = YES;
				SWIFT_UPCOMING_FEATURE_MEMBER_IMPORT_VISIBILITY = YES;
				SWIFT_VERSION = 5.0;
				TARGETED_DEVICE_FAMILY = 1;
				TM_ALLOW_RISKY_PRODUCTION_DEBUG_ACTIONS = NO;
				TM_FIREBASE_CONFIG_RESOURCE_NAME = "GoogleService-Info";
			};
			name = Release;
		};
		C1FCE3D82F8CF3360068749E /* Debug */ = {
			isa = XCBuildConfiguration;
			buildSettings = {
				ASSETCATALOG_COMPILER_GLOBAL_ACCENT_COLOR_NAME = AccentColor;
				ASSETCATALOG_COMPILER_WIDGET_BACKGROUND_COLOR_NAME = WidgetBackground;
				CODE_SIGN_ENTITLEMENTS = MatchLiveActivityExtension.entitlements;
				CODE_SIGN_STYLE = Automatic;
				CURRENT_PROJECT_VERSION = 96;
				DEVELOPMENT_TEAM = 787YK9YUB3;
				GENERATE_INFOPLIST_FILE = YES;
				INFOPLIST_FILE = MatchLiveActivity/Info.plist;
				INFOPLIST_KEY_CFBundleDisplayName = MatchLiveActivity;
				INFOPLIST_KEY_NSHumanReadableCopyright = "";
				IPHONEOS_DEPLOYMENT_TARGET = 26.4;
				LD_RUNPATH_SEARCH_PATHS = (
					"$(inherited)",
					"@executable_path/Frameworks",
					"@executable_path/../../Frameworks",
				);
				MARKETING_VERSION = 2.1.3;
				PRODUCT_BUNDLE_IDENTIFIER = "paolo.Torneo-Multipalo.MatchLiveActivity";
				PRODUCT_NAME = "$(TARGET_NAME)";
				SDKROOT = iphoneos;
				SKIP_INSTALL = YES;
				STRING_CATALOG_GENERATE_SYMBOLS = YES;
				SWIFT_APPROACHABLE_CONCURRENCY = YES;
				SWIFT_EMIT_LOC_STRINGS = YES;
				SWIFT_UPCOMING_FEATURE_MEMBER_IMPORT_VISIBILITY = YES;
				SWIFT_VERSION = 5.0;
				TARGETED_DEVICE_FAMILY = "1,2";
			};
			name = Debug;
		};
		C1FCE3D92F8CF3360068749E /* Release */ = {
			isa = XCBuildConfiguration;
			buildSettings = {
				ASSETCATALOG_COMPILER_GLOBAL_ACCENT_COLOR_NAME = AccentColor;
				ASSETCATALOG_COMPILER_WIDGET_BACKGROUND_COLOR_NAME = WidgetBackground;
				CODE_SIGN_ENTITLEMENTS = MatchLiveActivityExtension.entitlements;
				CODE_SIGN_STYLE = Automatic;
				CURRENT_PROJECT_VERSION = 96;
				DEVELOPMENT_TEAM = 787YK9YUB3;
				GENERATE_INFOPLIST_FILE = YES;
				INFOPLIST_FILE = MatchLiveActivity/Info.plist;
				INFOPLIST_KEY_CFBundleDisplayName = MatchLiveActivity;
				INFOPLIST_KEY_NSHumanReadableCopyright = "";
				IPHONEOS_DEPLOYMENT_TARGET = 26.4;
				LD_RUNPATH_SEARCH_PATHS = (
					"$(inherited)",
					"@executable_path/Frameworks",
					"@executable_path/../../Frameworks",
				);
				MARKETING_VERSION = 2.1.3;
				PRODUCT_BUNDLE_IDENTIFIER = "paolo.Torneo-Multipalo.MatchLiveActivity";
				PRODUCT_NAME = "$(TARGET_NAME)";
				SDKROOT = iphoneos;
				SKIP_INSTALL = YES;
				STRING_CATALOG_GENERATE_SYMBOLS = YES;
				SWIFT_APPROACHABLE_CONCURRENCY = YES;
				SWIFT_EMIT_LOC_STRINGS = YES;
				SWIFT_UPCOMING_FEATURE_MEMBER_IMPORT_VISIBILITY = YES;
				SWIFT_VERSION = 5.0;
				TARGETED_DEVICE_FAMILY = "1,2";
				VALIDATE_PRODUCT = YES;
			};
			name = Release;
		};
		D2A0BB0800000000000000E8 /* Debug */ = {
			isa = XCBuildConfiguration;
			buildSettings = {
				CODE_SIGN_STYLE = Automatic;
				CURRENT_PROJECT_VERSION = 96;
				DEVELOPMENT_TEAM = 787YK9YUB3;
				GENERATE_INFOPLIST_FILE = YES;
				INFOPLIST_FILE = "NotificaConStemma-Info.plist";
				INFOPLIST_KEY_CFBundleDisplayName = NotificaConStemma;
				IPHONEOS_DEPLOYMENT_TARGET = 17.0;
				LD_RUNPATH_SEARCH_PATHS = (
					"$(inherited)",
					"@executable_path/Frameworks",
					"@executable_path/../../Frameworks",
				);
				MARKETING_VERSION = 2.1.3;
				PRODUCT_BUNDLE_IDENTIFIER = "paolo.Torneo-Multipalo.NotificaConStemma";
				PRODUCT_NAME = "$(TARGET_NAME)";
				SDKROOT = iphoneos;
				SKIP_INSTALL = YES;
				SWIFT_EMIT_LOC_STRINGS = YES;
				SWIFT_VERSION = 5.0;
				TARGETED_DEVICE_FAMILY = "1,2";
			};
			name = Debug;
		};
		D2A0BB0900000000000000E9 /* Release */ = {
			isa = XCBuildConfiguration;
			buildSettings = {
				CODE_SIGN_STYLE = Automatic;
				CURRENT_PROJECT_VERSION = 96;
				DEVELOPMENT_TEAM = 787YK9YUB3;
				GENERATE_INFOPLIST_FILE = YES;
				INFOPLIST_FILE = "NotificaConStemma-Info.plist";
				INFOPLIST_KEY_CFBundleDisplayName = NotificaConStemma;
				IPHONEOS_DEPLOYMENT_TARGET = 17.0;
				LD_RUNPATH_SEARCH_PATHS = (
					"$(inherited)",
					"@executable_path/Frameworks",
					"@executable_path/../../Frameworks",
				);
				MARKETING_VERSION = 2.1.3;
				PRODUCT_BUNDLE_IDENTIFIER = "paolo.Torneo-Multipalo.NotificaConStemma";
				PRODUCT_NAME = "$(TARGET_NAME)";
				SDKROOT = iphoneos;
				SKIP_INSTALL = YES;
				SWIFT_EMIT_LOC_STRINGS = YES;
				SWIFT_VERSION = 5.0;
				TARGETED_DEVICE_FAMILY = "1,2";
			};
			name = Release;
		};
/* End XCBuildConfiguration section */

/* Begin XCConfigurationList section */
		C103CECB2F5B14FE00BE9395 /* Build configuration list for PBXProject "Torneo Multipalo" */ = {
			isa = XCConfigurationList;
			buildConfigurations = (
				C103CED92F5B14FF00BE9395 /* Debug */,
				C103CEDA2F5B14FF00BE9395 /* Release */,
			);
			defaultConfigurationIsVisible = 0;
			defaultConfigurationName = Release;
		};
		C103CEDB2F5B14FF00BE9395 /* Build configuration list for PBXNativeTarget "Torneo Multipalo" */ = {
			isa = XCConfigurationList;
			buildConfigurations = (
				C103CEDC2F5B14FF00BE9395 /* Debug */,
				C103CEDD2F5B14FF00BE9395 /* Release */,
			);
			defaultConfigurationIsVisible = 0;
			defaultConfigurationName = Release;
		};
		C1FCE3DB2F8CF3360068749E /* Build configuration list for PBXNativeTarget "MatchLiveActivityExtension" */ = {
			isa = XCConfigurationList;
			buildConfigurations = (
				C1FCE3D82F8CF3360068749E /* Debug */,
				C1FCE3D92F8CF3360068749E /* Release */,
			);
			defaultConfigurationIsVisible = 0;
			defaultConfigurationName = Release;
		};
		D2A0BB0700000000000000E7 /* Build configuration list for PBXNativeTarget "NotificaConStemma" */ = {
			isa = XCConfigurationList;
			buildConfigurations = (
				D2A0BB0800000000000000E8 /* Debug */,
				D2A0BB0900000000000000E9 /* Release */,
			);
			defaultConfigurationIsVisible = 0;
			defaultConfigurationName = Release;
		};
/* End XCConfigurationList section */

/* Begin XCRemoteSwiftPackageReference section */
		C103CEDE2F5B157000BE9395 /* XCRemoteSwiftPackageReference "firebase-ios-sdk" */ = {
			isa = XCRemoteSwiftPackageReference;
			repositoryURL = "https://github.com/firebase/firebase-ios-sdk";
			requirement = {
				kind = upToNextMajorVersion;
				minimumVersion = 12.12.0;
			};
		};
		D1B0AA442F7A100000C0D001 /* XCRemoteSwiftPackageReference "GoogleSignIn-iOS" */ = {
			isa = XCRemoteSwiftPackageReference;
			repositoryURL = "https://github.com/google/GoogleSignIn-iOS";
			requirement = {
				kind = upToNextMajorVersion;
				minimumVersion = 9.1.0;
			};
		};
/* End XCRemoteSwiftPackageReference section */

/* Begin XCSwiftPackageProductDependency section */
		C103CEDF2F5B157000BE9395 /* FirebaseAuth */ = {
			isa = XCSwiftPackageProductDependency;
			package = C103CEDE2F5B157000BE9395 /* XCRemoteSwiftPackageReference "firebase-ios-sdk" */;
			productName = FirebaseAuth;
		};
		C103CEE12F5B157000BE9395 /* FirebaseFirestore */ = {
			isa = XCSwiftPackageProductDependency;
			package = C103CEDE2F5B157000BE9395 /* XCRemoteSwiftPackageReference "firebase-ios-sdk" */;
			productName = FirebaseFirestore;
		};
		C103CEE32F5B157000BE9395 /* FirebaseFunctions */ = {
			isa = XCSwiftPackageProductDependency;
			package = C103CEDE2F5B157000BE9395 /* XCRemoteSwiftPackageReference "firebase-ios-sdk" */;
			productName = FirebaseFunctions;
		};
		C103CEE52F5B157000BE9395 /* FirebaseMessaging */ = {
			isa = XCSwiftPackageProductDependency;
			package = C103CEDE2F5B157000BE9395 /* XCRemoteSwiftPackageReference "firebase-ios-sdk" */;
			productName = FirebaseMessaging;
		};
		C103CEE72F5B157100BE9395 /* FirebaseStorage */ = {
			isa = XCSwiftPackageProductDependency;
			package = C103CEDE2F5B157000BE9395 /* XCRemoteSwiftPackageReference "firebase-ios-sdk" */;
			productName = FirebaseStorage;
		};
		D1B0AA422F7A100000C0D001 /* GoogleSignIn */ = {
			isa = XCSwiftPackageProductDependency;
			package = D1B0AA442F7A100000C0D001 /* XCRemoteSwiftPackageReference "GoogleSignIn-iOS" */;
			productName = GoogleSignIn;
		};
		D1B0AA432F7A100000C0D001 /* GoogleSignInSwift */ = {
			isa = XCSwiftPackageProductDependency;
			package = D1B0AA442F7A100000C0D001 /* XCRemoteSwiftPackageReference "GoogleSignIn-iOS" */;
			productName = GoogleSignInSwift;
		};
/* End XCSwiftPackageProductDependency section */
	};
	rootObject = C103CEC82F5B14FE00BE9395 /* Project object */;
}
